// !$*UTF8*$!
{
	archiveVersion = 1;
	classes = {
	};
	objectVersion = 46;
	objects = {

/* Begin PBXBuildFile section */
		275A8F741E6EB0C100EA23B3 /* main.m in Sources */ = {isa = PBXBuildFile; fileRef = 275A8F731E6EB0C100EA23B3 /* main.m */; };
		275A8F771E6EB0C100EA23B3 /* AppDelegate.m in Sources */ = {isa = PBXBuildFile; fileRef = 275A8F761E6EB0C100EA23B3 /* AppDelegate.m */; };
		275A8F7A1E6EB0C100EA23B3 /* ViewController.m in Sources */ = {isa = PBXBuildFile; fileRef = 275A8F791E6EB0C100EA23B3 /* ViewController.m */; };
		275A8F7D1E6EB0C100EA23B3 /* Main.storyboard in Resources */ = {isa = PBXBuildFile; fileRef = 275A8F7B1E6EB0C100EA23B3 /* Main.storyboard */; };
		275A8F7F1E6EB0C100EA23B3 /* Assets.xcassets in Resources */ = {isa = PBXBuildFile; fileRef = 275A8F7E1E6EB0C100EA23B3 /* Assets.xcassets */; };
		275A8F821E6EB0C100EA23B3 /* LaunchScreen.storyboard in Resources */ = {isa = PBXBuildFile; fileRef = 275A8F801E6EB0C100EA23B3 /* LaunchScreen.storyboard */; };
		275A8F981E6EB2E400EA23B3 /* ECGCustomCell.m in Sources */ = {isa = PBXBuildFile; fileRef = 275A8F941E6EB2E400EA23B3 /* ECGCustomCell.m */; };
		275A8F9D1E6FCD3E00EA23B3 /* ECGModel.m in Sources */ = {isa = PBXBuildFile; fileRef = 275A8F9C1E6FCD3E00EA23B3 /* ECGModel.m */; };
		275A8FEF1E6FE4CA00EA23B3 /* ECGLayoutConstraint.m in Sources */ = {isa = PBXBuildFile; fileRef = 275A8FEE1E6FE4CA00EA23B3 /* ECGLayoutConstraint.m */; };
		27A132C41E76740C001EC856 /* NSArray+Safe.m in Sources */ = {isa = PBXBuildFile; fileRef = 27A132BD1E76740C001EC856 /* NSArray+Safe.m */; };
		27A132C51E76740C001EC856 /* NSDictionary+Safe.m in Sources */ = {isa = PBXBuildFile; fileRef = 27A132BF1E76740C001EC856 /* NSDictionary+Safe.m */; };
		27A132C61E76740C001EC856 /* NSMutableArray+Safe.m in Sources */ = {isa = PBXBuildFile; fileRef = 27A132C11E76740C001EC856 /* NSMutableArray+Safe.m */; };
		27A132C71E76740C001EC856 /* NSMutableDictionary+Safe.m in Sources */ = {isa = PBXBuildFile; fileRef = 27A132C31E76740C001EC856 /* NSMutableDictionary+Safe.m */; };
		27A132CA1E767465001EC856 /* NSObject+Swizzling.m in Sources */ = {isa = PBXBuildFile; fileRef = 27A132C91E767465001EC856 /* NSObject+Swizzling.m */; };
		27C77E671E9B226500FE11D5 /* UIFont+SystemBoldSize.m in Sources */ = {isa = PBXBuildFile; fileRef = 27C77E641E9B226500FE11D5 /* UIFont+SystemBoldSize.m */; };
		27C77E681E9B226500FE11D5 /* UIFont+SystemSize.m in Sources */ = {isa = PBXBuildFile; fileRef = 27C77E661E9B226500FE11D5 /* UIFont+SystemSize.m */; };
		6757A2AAC2B7B28662C151A3 /* libPods-ECGPublicLibDemo.a in Frameworks */ = {isa = PBXBuildFile; fileRef = 3E2F490855761C5AC537FF95 /* libPods-ECGPublicLibDemo.a */; };
/* End PBXBuildFile section */

/* Begin PBXFileReference section */
		275A8F6F1E6EB0C100EA23B3 /* ECGPublicLibDemo.app */ = {isa = PBXFileReference; explicitFileType = wrapper.application; includeInIndex = 0; path = ECGPublicLibDemo.app; sourceTree = BUILT_PRODUCTS_DIR; };
		275A8F731E6EB0C100EA23B3 /* main.m */ = {isa = PBXFileReference; lastKnownFileType = sourcecode.c.objc; path = main.m; sourceTree = "<group>"; };
		275A8F751E6EB0C100EA23B3 /* AppDelegate.h */ = {isa = PBXFileReference; lastKnownFileType = sourcecode.c.h; path = AppDelegate.h; sourceTree = "<group>"; };
		275A8F761E6EB0C100EA23B3 /* AppDelegate.m */ = {isa = PBXFileReference; lastKnownFileType = sourcecode.c.objc; path = AppDelegate.m; sourceTree = "<group>"; };
		275A8F781E6EB0C100EA23B3 /* ViewController.h */ = {isa = PBXFileReference; lastKnownFileType = sourcecode.c.h; path = ViewController.h; sourceTree = "<group>"; };
		275A8F791E6EB0C100EA23B3 /* ViewController.m */ = {isa = PBXFileReference; lastKnownFileType = sourcecode.c.objc; path = ViewController.m; sourceTree = "<group>"; };
		275A8F7C1E6EB0C100EA23B3 /* Base */ = {isa = PBXFileReference; lastKnownFileType = file.storyboard; name = Base; path = Base.lproj/Main.storyboard; sourceTree = "<group>"; };
		275A8F7E1E6EB0C100EA23B3 /* Assets.xcassets */ = {isa = PBXFileReference; lastKnownFileType = folder.assetcatalog; path = Assets.xcassets; sourceTree = "<group>"; };
		275A8F811E6EB0C100EA23B3 /* Base */ = {isa = PBXFileReference; lastKnownFileType = file.storyboard; name = Base; path = Base.lproj/LaunchScreen.storyboard; sourceTree = "<group>"; };
		275A8F831E6EB0C100EA23B3 /* Info.plist */ = {isa = PBXFileReference; lastKnownFileType = text.plist.xml; path = Info.plist; sourceTree = "<group>"; };
		275A8F931E6EB2E400EA23B3 /* ECGCustomCell.h */ = {isa = PBXFileReference; fileEncoding = 4; lastKnownFileType = sourcecode.c.h; path = ECGCustomCell.h; sourceTree = "<group>"; };
		275A8F941E6EB2E400EA23B3 /* ECGCustomCell.m */ = {isa = PBXFileReference; fileEncoding = 4; lastKnownFileType = sourcecode.c.objc; path = ECGCustomCell.m; sourceTree = "<group>"; };
		275A8F9B1E6FCD3E00EA23B3 /* ECGModel.h */ = {isa = PBXFileReference; fileEncoding = 4; lastKnownFileType = sourcecode.c.h; path = ECGModel.h; sourceTree = "<group>"; };
		275A8F9C1E6FCD3E00EA23B3 /* ECGModel.m */ = {isa = PBXFileReference; fileEncoding = 4; lastKnownFileType = sourcecode.c.objc; path = ECGModel.m; sourceTree = "<group>"; };
		275A8FED1E6FE4CA00EA23B3 /* ECGLayoutConstraint.h */ = {isa = PBXFileReference; fileEncoding = 4; lastKnownFileType = sourcecode.c.h; path = ECGLayoutConstraint.h; sourceTree = "<group>"; };
		275A8FEE1E6FE4CA00EA23B3 /* ECGLayoutConstraint.m */ = {isa = PBXFileReference; fileEncoding = 4; lastKnownFileType = sourcecode.c.objc; path = ECGLayoutConstraint.m; sourceTree = "<group>"; };
		27A132BC1E76740C001EC856 /* NSArray+Safe.h */ = {isa = PBXFileReference; fileEncoding = 4; lastKnownFileType = sourcecode.c.h; path = "NSArray+Safe.h"; sourceTree = "<group>"; };
		27A132BD1E76740C001EC856 /* NSArray+Safe.m */ = {isa = PBXFileReference; fileEncoding = 4; lastKnownFileType = sourcecode.c.objc; path = "NSArray+Safe.m"; sourceTree = "<group>"; };
		27A132BE1E76740C001EC856 /* NSDictionary+Safe.h */ = {isa = PBXFileReference; fileEncoding = 4; lastKnownFileType = sourcecode.c.h; path = "NSDictionary+Safe.h"; sourceTree = "<group>"; };
		27A132BF1E76740C001EC856 /* NSDictionary+Safe.m */ = {isa = PBXFileReference; fileEncoding = 4; lastKnownFileType = sourcecode.c.objc; path = "NSDictionary+Safe.m"; sourceTree = "<group>"; };
		27A132C01E76740C001EC856 /* NSMutableArray+Safe.h */ = {isa = PBXFileReference; fileEncoding = 4; lastKnownFileType = sourcecode.c.h; path = "NSMutableArray+Safe.h"; sourceTree = "<group>"; };
		27A132C11E76740C001EC856 /* NSMutableArray+Safe.m */ = {isa = PBXFileReference; fileEncoding = 4; lastKnownFileType = sourcecode.c.objc; path = "NSMutableArray+Safe.m"; sourceTree = "<group>"; };
		27A132C21E76740C001EC856 /* NSMutableDictionary+Safe.h */ = {isa = PBXFileReference; fileEncoding = 4; lastKnownFileType = sourcecode.c.h; path = "NSMutableDictionary+Safe.h"; sourceTree = "<group>"; };
		27A132C31E76740C001EC856 /* NSMutableDictionary+Safe.m */ = {isa = PBXFileReference; fileEncoding = 4; lastKnownFileType = sourcecode.c.objc; path = "NSMutableDictionary+Safe.m"; sourceTree = "<group>"; };
		27A132C81E767465001EC856 /* NSObject+Swizzling.h */ = {isa = PBXFileReference; fileEncoding = 4; lastKnownFileType = sourcecode.c.h; path = "NSObject+Swizzling.h"; sourceTree = "<group>"; };
		27A132C91E767465001EC856 /* NSObject+Swizzling.m */ = {isa = PBXFileReference; fileEncoding = 4; lastKnownFileType = sourcecode.c.objc; path = "NSObject+Swizzling.m"; sourceTree = "<group>"; };
		27C77E631E9B226500FE11D5 /* UIFont+SystemBoldSize.h */ = {isa = PBXFileReference; fileEncoding = 4; lastKnownFileType = sourcecode.c.h; path = "UIFont+SystemBoldSize.h"; sourceTree = "<group>"; };
		27C77E641E9B226500FE11D5 /* UIFont+SystemBoldSize.m */ = {isa = PBXFileReference; fileEncoding = 4; lastKnownFileType = sourcecode.c.objc; path = "UIFont+SystemBoldSize.m"; sourceTree = "<group>"; };
		27C77E651E9B226500FE11D5 /* UIFont+SystemSize.h */ = {isa = PBXFileReference; fileEncoding = 4; lastKnownFileType = sourcecode.c.h; path = "UIFont+SystemSize.h"; sourceTree = "<group>"; };
		27C77E661E9B226500FE11D5 /* UIFont+SystemSize.m */ = {isa = PBXFileReference; fileEncoding = 4; lastKnownFileType = sourcecode.c.objc; path = "UIFont+SystemSize.m"; sourceTree = "<group>"; };
		3C2407EF4533815298BAEFCD /* Pods-ECGPublicLibDemo.release.xcconfig */ = {isa = PBXFileReference; includeInIndex = 1; lastKnownFileType = text.xcconfig; name = "Pods-ECGPublicLibDemo.release.xcconfig"; path = "Pods/Target Support Files/Pods-ECGPublicLibDemo/Pods-ECGPublicLibDemo.release.xcconfig"; sourceTree = "<group>"; };
		3E2F490855761C5AC537FF95 /* libPods-ECGPublicLibDemo.a */ = {isa = PBXFileReference; explicitFileType = archive.ar; includeInIndex = 0; path = "libPods-ECGPublicLibDemo.a"; sourceTree = BUILT_PRODUCTS_DIR; };
		68B8253EDFCA05A8574A713C /* Pods-ECGPublicLibDemo.debug.xcconfig */ = {isa = PBXFileReference; includeInIndex = 1; lastKnownFileType = text.xcconfig; name = "Pods-ECGPublicLibDemo.debug.xcconfig"; path = "Pods/Target Support Files/Pods-ECGPublicLibDemo/Pods-ECGPublicLibDemo.debug.xcconfig"; sourceTree = "<group>"; };
/* End PBXFileReference section */

/* Begin PBXFrameworksBuildPhase section */
		275A8F6C1E6EB0C100EA23B3 /* Frameworks */ = {
			isa = PBXFrameworksBuildPhase;
			buildActionMask = 2147483647;
			files = (
				6757A2AAC2B7B28662C151A3 /* libPods-ECGPublicLibDemo.a in Frameworks */,
			);
			runOnlyForDeploymentPostprocessing = 0;
		};
/* End PBXFrameworksBuildPhase section */

/* Begin PBXGroup section */
		1A83187184B8317BC922D215 /* Frameworks */ = {
			isa = PBXGroup;
			children = (
				3E2F490855761C5AC537FF95 /* libPods-ECGPublicLibDemo.a */,
			);
			name = Frameworks;
			sourceTree = "<group>";
		};
		275A8F661E6EB0C100EA23B3 = {
			isa = PBXGroup;
			children = (
				275A8F711E6EB0C100EA23B3 /* ECGPublicLibDemo */,
				275A8F701E6EB0C100EA23B3 /* Products */,
				F184B4FE33651F9188378A19 /* Pods */,
				1A83187184B8317BC922D215 /* Frameworks */,
			);
			sourceTree = "<group>";
		};
		275A8F701E6EB0C100EA23B3 /* Products */ = {
			isa = PBXGroup;
			children = (
				275A8F6F1E6EB0C100EA23B3 /* ECGPublicLibDemo.app */,
			);
			name = Products;
			sourceTree = "<group>";
		};
		275A8F711E6EB0C100EA23B3 /* ECGPublicLibDemo */ = {
			isa = PBXGroup;
			children = (
				27C77E621E9B226500FE11D5 /* Font+Size */,
				27A132BB1E76740C001EC856 /* ECGSet+Safe */,
				275A8FEC1E6FE4CA00EA23B3 /* ECGLayoutConstraint */,
				275A8F9A1E6FCD3E00EA23B3 /* model */,
				275A8F921E6EB2E400EA23B3 /* ECGCustomCell */,
				275A8F751E6EB0C100EA23B3 /* AppDelegate.h */,
				275A8F761E6EB0C100EA23B3 /* AppDelegate.m */,
				275A8F781E6EB0C100EA23B3 /* ViewController.h */,
				275A8F791E6EB0C100EA23B3 /* ViewController.m */,
				275A8F7B1E6EB0C100EA23B3 /* Main.storyboard */,
				275A8F7E1E6EB0C100EA23B3 /* Assets.xcassets */,
				275A8F801E6EB0C100EA23B3 /* LaunchScreen.storyboard */,
				275A8F831E6EB0C100EA23B3 /* Info.plist */,
				275A8F721E6EB0C100EA23B3 /* Supporting Files */,
			);
			path = ECGPublicLibDemo;
			sourceTree = "<group>";
		};
		275A8F721E6EB0C100EA23B3 /* Supporting Files */ = {
			isa = PBXGroup;
			children = (
				275A8F731E6EB0C100EA23B3 /* main.m */,
			);
			name = "Supporting Files";
			sourceTree = "<group>";
		};
		275A8F921E6EB2E400EA23B3 /* ECGCustomCell */ = {
			isa = PBXGroup;
			children = (
				275A8F931E6EB2E400EA23B3 /* ECGCustomCell.h */,
				275A8F941E6EB2E400EA23B3 /* ECGCustomCell.m */,
			);
			path = ECGCustomCell;
			sourceTree = "<group>";
		};
		275A8F9A1E6FCD3E00EA23B3 /* model */ = {
			isa = PBXGroup;
			children = (
				275A8F9B1E6FCD3E00EA23B3 /* ECGModel.h */,
				275A8F9C1E6FCD3E00EA23B3 /* ECGModel.m */,
			);
			path = model;
			sourceTree = "<group>";
		};
		275A8FEC1E6FE4CA00EA23B3 /* ECGLayoutConstraint */ = {
			isa = PBXGroup;
			children = (
				275A8FED1E6FE4CA00EA23B3 /* ECGLayoutConstraint.h */,
				275A8FEE1E6FE4CA00EA23B3 /* ECGLayoutConstraint.m */,
			);
			path = ECGLayoutConstraint;
			sourceTree = "<group>";
		};
		27A132BB1E76740C001EC856 /* ECGSet+Safe */ = {
			isa = PBXGroup;
			children = (
				27A132C81E767465001EC856 /* NSObject+Swizzling.h */,
				27A132C91E767465001EC856 /* NSObject+Swizzling.m */,
				27A132BC1E76740C001EC856 /* NSArray+Safe.h */,
				27A132BD1E76740C001EC856 /* NSArray+Safe.m */,
				27A132BE1E76740C001EC856 /* NSDictionary+Safe.h */,
				27A132BF1E76740C001EC856 /* NSDictionary+Safe.m */,
				27A132C01E76740C001EC856 /* NSMutableArray+Safe.h */,
				27A132C11E76740C001EC856 /* NSMutableArray+Safe.m */,
				27A132C21E76740C001EC856 /* NSMutableDictionary+Safe.h */,
				27A132C31E76740C001EC856 /* NSMutableDictionary+Safe.m */,
			);
			path = "ECGSet+Safe";
			sourceTree = "<group>";
		};
		27C77E621E9B226500FE11D5 /* Font+Size */ = {
			isa = PBXGroup;
			children = (
				27C77E631E9B226500FE11D5 /* UIFont+SystemBoldSize.h */,
				27C77E641E9B226500FE11D5 /* UIFont+SystemBoldSize.m */,
				27C77E651E9B226500FE11D5 /* UIFont+SystemSize.h */,
				27C77E661E9B226500FE11D5 /* UIFont+SystemSize.m */,
			);
			path = "Font+Size";
			sourceTree = "<group>";
		};
		F184B4FE33651F9188378A19 /* Pods */ = {
			isa = PBXGroup;
			children = (
				68B8253EDFCA05A8574A713C /* Pods-ECGPublicLibDemo.debug.xcconfig */,
				3C2407EF4533815298BAEFCD /* Pods-ECGPublicLibDemo.release.xcconfig */,
			);
			name = Pods;
			sourceTree = "<group>";
		};
/* End PBXGroup section */

/* Begin PBXNativeTarget section */
		275A8F6E1E6EB0C100EA23B3 /* ECGPublicLibDemo */ = {
			isa = PBXNativeTarget;
			buildConfigurationList = 275A8F861E6EB0C100EA23B3 /* Build configuration list for PBXNativeTarget "ECGPublicLibDemo" */;
			buildPhases = (
				811C8BCBD1AC8F752711CE15 /* [CP] Check Pods Manifest.lock */,
				275A8F6B1E6EB0C100EA23B3 /* Sources */,
				275A8F6C1E6EB0C100EA23B3 /* Frameworks */,
				275A8F6D1E6EB0C100EA23B3 /* Resources */,
				17AA6184094E06D8E6FB7E8C /* [CP] Embed Pods Frameworks */,
				31B090B78692AB5F0AFA9243 /* [CP] Copy Pods Resources */,
			);
			buildRules = (
			);
			dependencies = (
			);
			name = ECGPublicLibDemo;
			productName = ECGPublicLibDemo;
			productReference = 275A8F6F1E6EB0C100EA23B3 /* ECGPublicLibDemo.app */;
			productType = "com.apple.product-type.application";
		};
/* End PBXNativeTarget section */

/* Begin PBXProject section */
		275A8F671E6EB0C100EA23B3 /* Project object */ = {
			isa = PBXProject;
			attributes = {
				LastUpgradeCheck = 0820;
				ORGANIZATIONNAME = tantan;
				TargetAttributes = {
					275A8F6E1E6EB0C100EA23B3 = {
						CreatedOnToolsVersion = 8.2.1;
						DevelopmentTeam = GLKJJ23FAT;
						ProvisioningStyle = Automatic;
					};
				};
			};
			buildConfigurationList = 275A8F6A1E6EB0C100EA23B3 /* Build configuration list for PBXProject "ECGPublicLibDemo" */;
			compatibilityVersion = "Xcode 3.2";
			developmentRegion = English;
			hasScannedForEncodings = 0;
			knownRegions = (
				en,
				Base,
			);
			mainGroup = 275A8F661E6EB0C100EA23B3;
			productRefGroup = 275A8F701E6EB0C100EA23B3 /* Products */;
			projectDirPath = "";
			projectRoot = "";
			targets = (
				275A8F6E1E6EB0C100EA23B3 /* ECGPublicLibDemo */,
			);
		};
/* End PBXProject section */

/* Begin PBXResourcesBuildPhase section */
		275A8F6D1E6EB0C100EA23B3 /* Resources */ = {
			isa = PBXResourcesBuildPhase;
			buildActionMask = 2147483647;
			files = (
				275A8F821E6EB0C100EA23B3 /* LaunchScreen.storyboard in Resources */,
				275A8F7F1E6EB0C100EA23B3 /* Assets.xcassets in Resources */,
				275A8F7D1E6EB0C100EA23B3 /* Main.storyboard in Resources */,
			);
			runOnlyForDeploymentPostprocessing = 0;
		};
/* End PBXResourcesBuildPhase section */

/* Begin PBXShellScriptBuildPhase section */
		17AA6184094E06D8E6FB7E8C /* [CP] Embed Pods Frameworks */ = {
			isa = PBXShellScriptBuildPhase;
			buildActionMask = 2147483647;
			files = (
			);
			inputPaths = (
			);
			name = "[CP] Embed Pods Frameworks";
			outputPaths = (
			);
			runOnlyForDeploymentPostprocessing = 0;
			shellPath = /bin/sh;
			shellScript = "\"${SRCROOT}/Pods/Target Support Files/Pods-ECGPublicLibDemo/Pods-ECGPublicLibDemo-frameworks.sh\"\n";
			showEnvVarsInLog = 0;
		};
		31B090B78692AB5F0AFA9243 /* [CP] Copy Pods Resources */ = {
			isa = PBXShellScriptBuildPhase;
			buildActionMask = 2147483647;
			files = (
			);
			inputPaths = (
			);
			name = "[CP] Copy Pods Resources";
			outputPaths = (
			);
			runOnlyForDeploymentPostprocessing = 0;
			shellPath = /bin/sh;
			shellScript = "\"${SRCROOT}/Pods/Target Support Files/Pods-ECGPublicLibDemo/Pods-ECGPublicLibDemo-resources.sh\"\n";
			showEnvVarsInLog = 0;
		};
		811C8BCBD1AC8F752711CE15 /* [CP] Check Pods Manifest.lock */ = {
			isa = PBXShellScriptBuildPhase;
			buildActionMask = 2147483647;
			files = (
			);
			inputPaths = (
			);
			name = "[CP] Check Pods Manifest.lock";
			outputPaths = (
			);
			runOnlyForDeploymentPostprocessing = 0;
			shellPath = /bin/sh;
			shellScript = "diff \"${PODS_ROOT}/../Podfile.lock\" \"${PODS_ROOT}/Manifest.lock\" > /dev/null\nif [ $? != 0 ] ; then\n    # print error to STDERR\n    echo \"error: The sandbox is not in sync with the Podfile.lock. Run 'pod install' or update your CocoaPods installation.\" >&2\n    exit 1\nfi\n";
			showEnvVarsInLog = 0;
		};
/* End PBXShellScriptBuildPhase section */

/* Begin PBXSourcesBuildPhase section */
		275A8F6B1E6EB0C100EA23B3 /* Sources */ = {
			isa = PBXSourcesBuildPhase;
			buildActionMask = 2147483647;
			files = (
				275A8F9D1E6FCD3E00EA23B3 /* ECGModel.m in Sources */,
				27A132C41E76740C001EC856 /* NSArray+Safe.m in Sources */,
				275A8F981E6EB2E400EA23B3 /* ECGCustomCell.m in Sources */,
				275A8FEF1E6FE4CA00EA23B3 /* ECGLayoutConstraint.m in Sources */,
				27A132C71E76740C001EC856 /* NSMutableDictionary+Safe.m in Sources */,
				27A132CA1E767465001EC856 /* NSObject+Swizzling.m in Sources */,
				275A8F7A1E6EB0C100EA23B3 /* ViewController.m in Sources */,
				27A132C61E76740C001EC856 /* NSMutableArray+Safe.m in Sources */,
				275A8F771E6EB0C100EA23B3 /* AppDelegate.m in Sources */,
				275A8F741E6EB0C100EA23B3 /* main.m in Sources */,
				27A132C51E76740C001EC856 /* NSDictionary+Safe.m in Sources */,
				27C77E681E9B226500FE11D5 /* UIFont+SystemSize.m in Sources */,
				27C77E671E9B226500FE11D5 /* UIFont+SystemBoldSize.m in Sources */,
			);
			runOnlyForDeploymentPostprocessing = 0;
		};
/* End PBXSourcesBuildPhase section */

/* Begin PBXVariantGroup section */
		275A8F7B1E6EB0C100EA23B3 /* Main.storyboard */ = {
			isa = PBXVariantGroup;
			children = (
				275A8F7C1E6EB0C100EA23B3 /* Base */,
			);
			name = Main.storyboard;
			sourceTree = "<group>";
		};
		275A8F801E6EB0C100EA23B3 /* LaunchScreen.storyboard */ = {
			isa = PBXVariantGroup;
			children = (
				275A8F811E6EB0C100EA23B3 /* Base */,
			);
			name = LaunchScreen.storyboard;
			sourceTree = "<group>";
		};
/* End PBXVariantGroup section */

/* Begin XCBuildConfiguration section */
		275A8F841E6EB0C100EA23B3 /* Debug */ = {
			isa = XCBuildConfiguration;
			buildSettings = {
				ALWAYS_SEARCH_USER_PATHS = NO;
				CLANG_ANALYZER_NONNULL = YES;
				CLANG_CXX_LANGUAGE_STANDARD = "gnu++0x";
				CLANG_CXX_LIBRARY = "libc++";
				CLANG_ENABLE_MODULES = YES;
				CLANG_ENABLE_OBJC_ARC = YES;
				CLANG_WARN_BOOL_CONVERSION = YES;
				CLANG_WARN_CONSTANT_CONVERSION = YES;
				CLANG_WARN_DIRECT_OBJC_ISA_USAGE = YES_ERROR;
				CLANG_WARN_DOCUMENTATION_COMMENTS = YES;
				CLANG_WARN_EMPTY_BODY = YES;
				CLANG_WARN_ENUM_CONVERSION = YES;
				CLANG_WARN_INFINITE_RECURSION = YES;
				CLANG_WARN_INT_CONVERSION = YES;
				CLANG_WARN_OBJC_ROOT_CLASS = YES_ERROR;
				CLANG_WARN_SUSPICIOUS_MOVE = YES;
				CLANG_WARN_UNREACHABLE_CODE = YES;
				CLANG_WARN__DUPLICATE_METHOD_MATCH = YES;
				"CODE_SIGN_IDENTITY[sdk=iphoneos*]" = "iPhone Developer";
				COPY_PHASE_STRIP = NO;
				DEBUG_INFORMATION_FORMAT = dwarf;
				ENABLE_STRICT_OBJC_MSGSEND = YES;
				ENABLE_TESTABILITY = YES;
				GCC_C_LANGUAGE_STANDARD = gnu99;
				GCC_DYNAMIC_NO_PIC = NO;
				GCC_NO_COMMON_BLOCKS = YES;
				GCC_OPTIMIZATION_LEVEL = 0;
				GCC_PREPROCESSOR_DEFINITIONS = (
					"DEBUG=1",
					"$(inherited)",
				);
				GCC_WARN_64_TO_32_BIT_CONVERSION = YES;
				GCC_WARN_ABOUT_RETURN_TYPE = YES_ERROR;
				GCC_WARN_UNDECLARED_SELECTOR = YES;
				GCC_WARN_UNINITIALIZED_AUTOS = YES_AGGRESSIVE;
				GCC_WARN_UNUSED_FUNCTION = YES;
				GCC_WARN_UNUSED_VARIABLE = YES;
				IPHONEOS_DEPLOYMENT_TARGET = 10.2;
				MTL_ENABLE_DEBUG_INFO = YES;
				ONLY_ACTIVE_ARCH = YES;
				SDKROOT = iphoneos;
			};
			name = Debug;
		};
		275A8F851E6EB0C100EA23B3 /* Release */ = {
			isa = XCBuildConfiguration;
			buildSettings = {
				ALWAYS_SEARCH_USER_PATHS = NO;
				CLANG_ANALYZER_NONNULL = YES;
				CLANG_CXX_LANGUAGE_STANDARD = "gnu++0x";
				CLANG_CXX_LIBRARY = "libc++";
				CLANG_ENABLE_MODULES = YES;
				CLANG_ENABLE_OBJC_ARC = YES;
				CLANG_WARN_BOOL_CONVERSION = YES;
				CLANG_WARN_CONSTANT_CONVERSION = YES;
				CLANG_WARN_DIRECT_OBJC_ISA_USAGE = YES_ERROR;
				CLANG_WARN_DOCUMENTATION_COMMENTS = YES;
				CLANG_WARN_EMPTY_BODY = YES;
				CLANG_WARN_ENUM_CONVERSION = YES;
				CLANG_WARN_INFINITE_RECURSION = YES;
				CLANG_WARN_INT_CONVERSION = YES;
				CLANG_WARN_OBJC_ROOT_CLASS = YES_ERROR;
				CLANG_WARN_SUSPICIOUS_MOVE = YES;
				CLANG_WARN_UNREACHABLE_CODE = YES;
				CLANG_WARN__DUPLICATE_METHOD_MATCH = YES;
				"CODE_SIGN_IDENTITY[sdk=iphoneos*]" = "iPhone Developer";
				COPY_PHASE_STRIP = NO;
				DEBUG_INFORMATION_FORMAT = "dwarf-with-dsym";
				ENABLE_NS_ASSERTIONS = NO;
				ENABLE_STRICT_OBJC_MSGSEND = YES;
				GCC_C_LANGUAGE_STANDARD = gnu99;
				GCC_NO_COMMON_BLOCKS = YES;
				GCC_WARN_64_TO_32_BIT_CONVERSION = YES;
				GCC_WARN_ABOUT_RETURN_TYPE = YES_ERROR;
				GCC_WARN_UNDECLARED_SELECTOR = YES;
				GCC_WARN_UNINITIALIZED_AUTOS = YES_AGGRESSIVE;
				GCC_WARN_UNUSED_FUNCTION = YES;
				GCC_WARN_UNUSED_VARIABLE = YES;
				IPHONEOS_DEPLOYMENT_TARGET = 10.2;
				MTL_ENABLE_DEBUG_INFO = NO;
				SDKROOT = iphoneos;
				VALIDATE_PRODUCT = YES;
			};
			name = Release;
		};
		275A8F871E6EB0C100EA23B3 /* Debug */ = {
			isa = XCBuildConfiguration;
			baseConfigurationReference = 68B8253EDFCA05A8574A713C /* Pods-ECGPublicLibDemo.debug.xcconfig */;
			buildSettings = {
				ASSETCATALOG_COMPILER_APPICON_NAME = AppIcon;
				DEVELOPMENT_TEAM = GLKJJ23FAT;
				INFOPLIST_FILE = ECGPublicLibDemo/Info.plist;
				LD_RUNPATH_SEARCH_PATHS = "$(inherited) @executable_path/Frameworks";
				PRODUCT_BUNDLE_IDENTIFIER = tantan.ECGPublicLibDemo;
				PRODUCT_NAME = "$(TARGET_NAME)";
			};
			name = Debug;
		};
		275A8F881E6EB0C100EA23B3 /* Release */ = {
			isa = XCBuildConfiguration;
			baseConfigurationReference = 3C2407EF4533815298BAEFCD /* Pods-ECGPublicLibDemo.release.xcconfig */;
			buildSettings = {
				ASSETCATALOG_COMPILER_APPICON_NAME = AppIcon;
				DEVELOPMENT_TEAM = GLKJJ23FAT;
				INFOPLIST_FILE = ECGPublicLibDemo/Info.plist;
				LD_RUNPATH_SEARCH_PATHS = "$(inherited) @executable_path/Frameworks";
				PRODUCT_BUNDLE_IDENTIFIER = tantan.ECGPublicLibDemo;
				PRODUCT_NAME = "$(TARGET_NAME)";
			};
			name = Release;
		};
/* End XCBuildConfiguration section */

/* Begin XCConfigurationList section */
		275A8F6A1E6EB0C100EA23B3 /* Build configuration list for PBXProject "ECGPublicLibDemo" */ = {
			isa = XCConfigurationList;
			buildConfigurations = (
				275A8F841E6EB0C100EA23B3 /* Debug */,
				275A8F851E6EB0C100EA23B3 /* Release */,
			);
			defaultConfigurationIsVisible = 0;
			defaultConfigurationName = Release;
		};
		275A8F861E6EB0C100EA23B3 /* Build configuration list for PBXNativeTarget "ECGPublicLibDemo" */ = {
			isa = XCConfigurationList;
			buildConfigurations = (
				275A8F871E6EB0C100EA23B3 /* Debug */,
				275A8F881E6EB0C100EA23B3 /* Release */,
			);
			defaultConfigurationIsVisible = 0;
			defaultConfigurationName = Release;
		};
/* End XCConfigurationList section */
	};
	rootObject = 275A8F671E6EB0C100EA23B3 /* Project object */;
}
